// !$*UTF8*$!
{
	archiveVersion = 1;
	classes = {
	};
	objectVersion = 46;
	objects = {

/* Begin PBXBuildFile section */
		F50C880B1CE5E67E00496B65 /* AppDelegate.swift in Sources */ = {isa = PBXBuildFile; fileRef = F50C880A1CE5E67E00496B65 /* AppDelegate.swift */; };
		F50C880D1CE5E67E00496B65 /* ViewController.swift in Sources */ = {isa = PBXBuildFile; fileRef = F50C880C1CE5E67E00496B65 /* ViewController.swift */; };
		F50C88101CE5E67E00496B65 /* Main.storyboard in Resources */ = {isa = PBXBuildFile; fileRef = F50C880E1CE5E67E00496B65 /* Main.storyboard */; };
		F50C88131CE5E67E00496B65 /* hasio.xcdatamodeld in Sources */ = {isa = PBXBuildFile; fileRef = F50C88111CE5E67E00496B65 /* hasio.xcdatamodeld */; };
		F50C88151CE5E67E00496B65 /* Assets.xcassets in Resources */ = {isa = PBXBuildFile; fileRef = F50C88141CE5E67E00496B65 /* Assets.xcassets */; };
		F50C88181CE5E67E00496B65 /* LaunchScreen.storyboard in Resources */ = {isa = PBXBuildFile; fileRef = F50C88161CE5E67E00496B65 /* LaunchScreen.storyboard */; };
		F50C88231CE5E67E00496B65 /* hasioTests.swift in Sources */ = {isa = PBXBuildFile; fileRef = F50C88221CE5E67E00496B65 /* hasioTests.swift */; };
		F50C882E1CE5E67E00496B65 /* hasioUITests.swift in Sources */ = {isa = PBXBuildFile; fileRef = F50C882D1CE5E67E00496B65 /* hasioUITests.swift */; };
/* End PBXBuildFile section */

/* Begin PBXContainerItemProxy section */
		F50C881F1CE5E67E00496B65 /* PBXContainerItemProxy */ = {
			isa = PBXContainerItemProxy;
			containerPortal = F50C87FF1CE5E67E00496B65 /* Project object */;
			proxyType = 1;
			remoteGlobalIDString = F50C88061CE5E67E00496B65;
			remoteInfo = hasio;
		};
		F50C882A1CE5E67E00496B65 /* PBXContainerItemProxy */ = {
			isa = PBXContainerItemProxy;
			containerPortal = F50C87FF1CE5E67E00496B65 /* Project object */;
			proxyType = 1;
			remoteGlobalIDString = F50C88061CE5E67E00496B65;
			remoteInfo = hasio;
		};
/* End PBXContainerItemProxy section */

/* Begin PBXFileReference section */
		F50C88071CE5E67E00496B65 /* hasio.app */ = {isa = PBXFileReference; explicitFileType = wrapper.application; includeInIndex = 0; path = hasio.app; sourceTree = BUILT_PRODUCTS_DIR; };
		F50C880A1CE5E67E00496B65 /* AppDelegate.swift */ = {isa = PBXFileReference; lastKnownFileType = sourcecode.swift; path = AppDelegate.swift; sourceTree = "<group>"; };
		F50C880C1CE5E67E00496B65 /* ViewController.swift */ = {isa = PBXFileReference; lastKnownFileType = sourcecode.swift; path = ViewController.swift; sourceTree = "<group>"; };
		F50C880F1CE5E67E00496B65 /* Base */ = {isa = PBXFileReference; lastKnownFileType = file.storyboard; name = Base; path = Base.lproj/Main.storyboard; sourceTree = "<group>"; };
		F50C88121CE5E67E00496B65 /* hasio.xcdatamodel */ = {isa = PBXFileReference; lastKnownFileType = wrapper.xcdatamodel; path = hasio.xcdatamodel; sourceTree = "<group>"; };
		F50C88141CE5E67E00496B65 /* Assets.xcassets */ = {isa = PBXFileReference; lastKnownFileType = folder.assetcatalog; path = Assets.xcassets; sourceTree = "<group>"; };
		F50C88171CE5E67E00496B65 /* Base */ = {isa = PBXFileReference; lastKnownFileType = file.storyboard; name = Base; path = Base.lproj/LaunchScreen.storyboard; sourceTree = "<group>"; };
		F50C88191CE5E67E00496B65 /* Info.plist */ = {isa = PBXFileReference; lastKnownFileType = text.plist.xml; path = Info.plist; sourceTree = "<group>"; };
		F50C881E1CE5E67E00496B65 /* hasioTests.xctest */ = {isa = PBXFileReference; explicitFileType = wrapper.cfbundle; includeInIndex = 0; path = hasioTests.xctest; sourceTree = BUILT_PRODUCTS_DIR; };
		F50C88221CE5E67E00496B65 /* hasioTests.swift */ = {isa = PBXFileReference; lastKnownFileType = sourcecode.swift; path = hasioTests.swift; sourceTree = "<group>"; };
		F50C88241CE5E67E00496B65 /* Info.plist */ = {isa = PBXFileReference; lastKnownFileType = text.plist.xml; path = Info.plist; sourceTree = "<group>"; };
		F50C88291CE5E67E00496B65 /* hasioUITests.xctest */ = {isa = PBXFileReference; explicitFileType = wrapper.cfbundle; includeInIndex = 0; path = hasioUITests.xctest; sourceTree = BUILT_PRODUCTS_DIR; };
		F50C882D1CE5E67E00496B65 /* hasioUITests.swift */ = {isa = PBXFileReference; lastKnownFileType = sourcecode.swift; path = hasioUITests.swift; sourceTree = "<group>"; };
		F50C882F1CE5E67E00496B65 /* Info.plist */ = {isa = PBXFileReference; lastKnownFileType = text.plist.xml; path = Info.plist; sourceTree = "<group>"; };
/* End PBXFileReference section */

/* Begin PBXFrameworksBuildPhase section */
		F50C88041CE5E67E00496B65 /* Frameworks */ = {
			isa = PBXFrameworksBuildPhase;
			buildActionMask = 2147483647;
			files = (
			);
			runOnlyForDeploymentPostprocessing = 0;
		};
		F50C881B1CE5E67E00496B65 /* Frameworks */ = {
			isa = PBXFrameworksBuildPhase;
			buildActionMask = 2147483647;
			files = (
			);
			runOnlyForDeploymentPostprocessing = 0;
		};
		F50C88261CE5E67E00496B65 /* Frameworks */ = {
			isa = PBXFrameworksBuildPhase;
			buildActionMask = 2147483647;
			files = (
			);
			runOnlyForDeploymentPostprocessing = 0;
		};
/* End PBXFrameworksBuildPhase section */

/* Begin PBXGroup section */
		F50C87FE1CE5E67E00496B65 = {
			isa = PBXGroup;
			children = (
				F50C88091CE5E67E00496B65 /* hasio */,
				F50C88211CE5E67E00496B65 /* hasioTests */,
				F50C882C1CE5E67E00496B65 /* hasioUITests */,
				F50C88081CE5E67E00496B65 /* Products */,
			);
			sourceTree = "<group>";
		};
		F50C88081CE5E67E00496B65 /* Products */ = {
			isa = PBXGroup;
			children = (
				F50C88071CE5E67E00496B65 /* hasio.app */,
				F50C881E1CE5E67E00496B65 /* hasioTests.xctest */,
				F50C88291CE5E67E00496B65 /* hasioUITests.xctest */,
			);
			name = Products;
			sourceTree = "<group>";
		};
		F50C88091CE5E67E00496B65 /* hasio */ = {
			isa = PBXGroup;
			children = (
				F50C880A1CE5E67E00496B65 /* AppDelegate.swift */,
				F50C880C1CE5E67E00496B65 /* ViewController.swift */,
				F50C880E1CE5E67E00496B65 /* Main.storyboard */,
				F50C88141CE5E67E00496B65 /* Assets.xcassets */,
				F50C88161CE5E67E00496B65 /* LaunchScreen.storyboard */,
				F50C88191CE5E67E00496B65 /* Info.plist */,
				F50C88111CE5E67E00496B65 /* hasio.xcdatamodeld */,
			);
			path = hasio;
			sourceTree = "<group>";
		};
		F50C88211CE5E67E00496B65 /* hasioTests */ = {
			isa = PBXGroup;
			children = (
				F50C88221CE5E67E00496B65 /* hasioTests.swift */,
				F50C88241CE5E67E00496B65 /* Info.plist */,
			);
			path = hasioTests;
			sourceTree = "<group>";
		};
		F50C882C1CE5E67E00496B65 /* hasioUITests */ = {
			isa = PBXGroup;
			children = (
				F50C882D1CE5E67E00496B65 /* hasioUITests.swift */,
				F50C882F1CE5E67E00496B65 /* Info.plist */,
			);
			path = hasioUITests;
			sourceTree = "<group>";
		};
/* End PBXGroup section */

/* Begin PBXNativeTarget section */
		F50C88061CE5E67E00496B65 /* hasio */ = {
			isa = PBXNativeTarget;
			buildConfigurationList = F50C88321CE5E67E00496B65 /* Build configuration list for PBXNativeTarget "hasio" */;
			buildPhases = (
				F50C88031CE5E67E00496B65 /* Sources */,
				F50C88041CE5E67E00496B65 /* Frameworks */,
				F50C88051CE5E67E00496B65 /* Resources */,
			);
			buildRules = (
			);
			dependencies = (
			);
			name = hasio;
			productName = hasio;
			productReference = F50C88071CE5E67E00496B65 /* hasio.app */;
			productType = "com.apple.product-type.application";
		};
		F50C881D1CE5E67E00496B65 /* hasioTests */ = {
			isa = PBXNativeTarget;
			buildConfigurationList = F50C88351CE5E67E00496B65 /* Build configuration list for PBXNativeTarget "hasioTests" */;
			buildPhases = (
				F50C881A1CE5E67E00496B65 /* Sources */,
				F50C881B1CE5E67E00496B65 /* Frameworks */,
				F50C881C1CE5E67E00496B65 /* Resources */,
			);
			buildRules = (
			);
			dependencies = (
				F50C88201CE5E67E00496B65 /* PBXTargetDependency */,
			);
			name = hasioTests;
			productName = hasioTests;
			productReference = F50C881E1CE5E67E00496B65 /* hasioTests.xctest */;
			productType = "com.apple.product-type.bundle.unit-test";
		};
		F50C88281CE5E67E00496B65 /* hasioUITests */ = {
			isa = PBXNativeTarget;
			buildConfigurationList = F50C88381CE5E67E00496B65 /* Build configuration list for PBXNativeTarget "hasioUITests" */;
			buildPhases = (
				F50C88251CE5E67E00496B65 /* Sources */,
				F50C88261CE5E67E00496B65 /* Frameworks */,
				F50C88271CE5E67E00496B65 /* Resources */,
			);
			buildRules = (
			);
			dependencies = (
				F50C882B1CE5E67E00496B65 /* PBXTargetDependency */,
			);
			name = hasioUITests;
			productName = hasioUITests;
			productReference = F50C88291CE5E67E00496B65 /* hasioUITests.xctest */;
			productType = "com.apple.product-type.bundle.ui-testing";
		};
/* End PBXNativeTarget section */

/* Begin PBXProject section */
		F50C87FF1CE5E67E00496B65 /* Project object */ = {
			isa = PBXProject;
			attributes = {
				LastSwiftUpdateCheck = 0730;
				LastUpgradeCheck = 0730;
				ORGANIZATIONNAME = "小浜天紀";
				TargetAttributes = {
					F50C88061CE5E67E00496B65 = {
						CreatedOnToolsVersion = 7.3.1;
						DevelopmentTeam = H7J86HJ999;
					};
					F50C881D1CE5E67E00496B65 = {
						CreatedOnToolsVersion = 7.3.1;
						DevelopmentTeam = H7J86HJ999;
						TestTargetID = F50C88061CE5E67E00496B65;
					};
					F50C88281CE5E67E00496B65 = {
						CreatedOnToolsVersion = 7.3.1;
						DevelopmentTeam = H7J86HJ999;
						TestTargetID = F50C88061CE5E67E00496B65;
					};
				};
			};
			buildConfigurationList = F50C88021CE5E67E00496B65 /* Build configuration list for PBXProject "hasio" */;
			compatibilityVersion = "Xcode 3.2";
			developmentRegion = English;
			hasScannedForEncodings = 0;
			knownRegions = (
				en,
				Base,
			);
			mainGroup = F50C87FE1CE5E67E00496B65;
			productRefGroup = F50C88081CE5E67E00496B65 /* Products */;
			projectDirPath = "";
			projectRoot = "";
			targets = (
				F50C88061CE5E67E00496B65 /* hasio */,
				F50C881D1CE5E67E00496B65 /* hasioTests */,
				F50C88281CE5E67E00496B65 /* hasioUITests */,
			);
		};
/* End PBXProject section */

/* Begin PBXResourcesBuildPhase section */
		F50C88051CE5E67E00496B65 /* Resources */ = {
			isa = PBXResourcesBuildPhase;
			buildActionMask = 2147483647;
			files = (
				F50C88181CE5E67E00496B65 /* LaunchScreen.storyboard in Resources */,
				F50C88151CE5E67E00496B65 /* Assets.xcassets in Resources */,
				F50C88101CE5E67E00496B65 /* Main.storyboard in Resources */,
			);
			runOnlyForDeploymentPostprocessing = 0;
		};
		F50C881C1CE5E67E00496B65 /* Resources */ = {
			isa = PBXResourcesBuildPhase;
			buildActionMask = 2147483647;
			files = (
			);
			runOnlyForDeploymentPostprocessing = 0;
		};
		F50C88271CE5E67E00496B65 /* Resources */ = {
			isa = PBXResourcesBuildPhase;
			buildActionMask = 2147483647;
			files = (
			);
			runOnlyForDeploymentPostprocessing = 0;
		};
/* End PBXResourcesBuildPhase section */

/* Begin PBXSourcesBuildPhase section */
		F50C88031CE5E67E00496B65 /* Sources */ = {
			isa = PBXSourcesBuildPhase;
			buildActionMask = 2147483647;
			files = (
				F50C88131CE5E67E00496B65 /* hasio.xcdatamodeld in Sources */,
				F50C880D1CE5E67E00496B65 /* ViewController.swift in Sources */,
				F50C880B1CE5E67E00496B65 /* AppDelegate.swift in Sources */,
			);
			runOnlyForDeploymentPostprocessing = 0;
		};
		F50C881A1CE5E67E00496B65 /* Sources */ = {
			isa = PBXSourcesBuildPhase;
			buildActionMask = 2147483647;
			files = (
				F50C88231CE5E67E00496B65 /* hasioTests.swift in Sources */,
			);
			runOnlyForDeploymentPostprocessing = 0;
		};
		F50C88251CE5E67E00496B65 /* Sources */ = {
			isa = PBXSourcesBuildPhase;
			buildActionMask = 2147483647;
			files = (
				F50C882E1CE5E67E00496B65 /* hasioUITests.swift in Sources */,
			);
			runOnlyForDeploymentPostprocessing = 0;
		};
/* End PBXSourcesBuildPhase section */

/* Begin PBXTargetDependency section */
		F50C88201CE5E67E00496B65 /* PBXTargetDependency */ = {
			isa = PBXTargetDependency;
			target = F50C88061CE5E67E00496B65 /* hasio */;
			targetProxy = F50C881F1CE5E67E00496B65 /* PBXContainerItemProxy */;
		};
		F50C882B1CE5E67E00496B65 /* PBXTargetDependency */ = {
			isa = PBXTargetDependency;
			target = F50C88061CE5E67E00496B65 /* hasio */;
			targetProxy = F50C882A1CE5E67E00496B65 /* PBXContainerItemProxy */;
		};
/* End PBXTargetDependency section */

/* Begin PBXVariantGroup section */
		F50C880E1CE5E67E00496B65 /* Main.storyboard */ = {
			isa = PBXVariantGroup;
			children = (
				F50C880F1CE5E67E00496B65 /* Base */,
			);
			name = Main.storyboard;
			sourceTree = "<group>";
		};
		F50C88161CE5E67E00496B65 /* LaunchScreen.storyboard */ = {
			isa = PBXVariantGroup;
			children = (
				F50C88171CE5E67E00496B65 /* Base */,
			);
			name = LaunchScreen.storyboard;
			sourceTree = "<group>";
		};
/* End PBXVariantGroup section */

/* Begin XCBuildConfiguration section */
		F50C88301CE5E67E00496B65 /* Debug */ = {
			isa = XCBuildConfiguration;
			buildSettings = {
				ALWAYS_SEARCH_USER_PATHS = NO;
				CLANG_ANALYZER_NONNULL = YES;
				CLANG_CXX_LANGUAGE_STANDARD = "gnu++0x";
				CLANG_CXX_LIBRARY = "libc++";
				CLANG_ENABLE_MODULES = YES;
				CLANG_ENABLE_OBJC_ARC = YES;
				CLANG_WARN_BOOL_CONVERSION = YES;
				CLANG_WARN_CONSTANT_CONVERSION = YES;
				CLANG_WARN_DIRECT_OBJC_ISA_USAGE = YES_ERROR;
				CLANG_WARN_EMPTY_BODY = YES;
				CLANG_WARN_ENUM_CONVERSION = YES;
				CLANG_WARN_INT_CONVERSION = YES;
				CLANG_WARN_OBJC_ROOT_CLASS = YES_ERROR;
				CLANG_WARN_UNREACHABLE_CODE = YES;
				CLANG_WARN__DUPLICATE_METHOD_MATCH = YES;
				"CODE_SIGN_IDENTITY[sdk=iphoneos*]" = "iPhone Developer";
				COPY_PHASE_STRIP = NO;
				DEBUG_INFORMATION_FORMAT = dwarf;
				ENABLE_STRICT_OBJC_MSGSEND = YES;
				ENABLE_TESTABILITY = YES;
				GCC_C_LANGUAGE_STANDARD = gnu99;
				GCC_DYNAMIC_NO_PIC = NO;
				GCC_NO_COMMON_BLOCKS = YES;
				GCC_OPTIMIZATION_LEVEL = 0;
				GCC_PREPROCESSOR_DEFINITIONS = (
					"DEBUG=1",
					"$(inherited)",
				);
				GCC_WARN_64_TO_32_BIT_CONVERSION = YES;
				GCC_WARN_ABOUT_RETURN_TYPE = YES_ERROR;
				GCC_WARN_UNDECLARED_SELECTOR = YES;
				GCC_WARN_UNINITIALIZED_AUTOS = YES_AGGRESSIVE;
				GCC_WARN_UNUSED_FUNCTION = YES;
				GCC_WARN_UNUSED_VARIABLE = YES;
				IPHONEOS_DEPLOYMENT_TARGET = 9.3;
				MTL_ENABLE_DEBUG_INFO = YES;
				ONLY_ACTIVE_ARCH = YES;
				SDKROOT = iphoneos;
				SWIFT_OPTIMIZATION_LEVEL = "-Onone";
			};
			name = Debug;
		};
		F50C88311CE5E67E00496B65 /* Release */ = {
			isa = XCBuildConfiguration;
			buildSettings = {
				ALWAYS_SEARCH_USER_PATHS = NO;
				CLANG_ANALYZER_NONNULL = YES;
				CLANG_CXX_LANGUAGE_STANDARD = "gnu++0x";
				CLANG_CXX_LIBRARY = "libc++";
				CLANG_ENABLE_MODULES = YES;
				CLANG_ENABLE_OBJC_ARC = YES;
				CLANG_WARN_BOOL_CONVERSION = YES;
				CLANG_WARN_CONSTANT_CONVERSION = YES;
				CLANG_WARN_DIRECT_OBJC_ISA_USAGE = YES_ERROR;
				CLANG_WARN_EMPTY_BODY = YES;
				CLANG_WARN_ENUM_CONVERSION = YES;
				CLANG_WARN_INT_CONVERSION = YES;
				CLANG_WARN_OBJC_ROOT_CLASS = YES_ERROR;
				CLANG_WARN_UNREACHABLE_CODE = YES;
				CLANG_WARN__DUPLICATE_METHOD_MATCH = YES;
				"CODE_SIGN_IDENTITY[sdk=iphoneos*]" = "iPhone Developer";
				COPY_PHASE_STRIP = NO;
				DEBUG_INFORMATION_FORMAT = "dwarf-with-dsym";
				ENABLE_NS_ASSERTIONS = NO;
				ENABLE_STRICT_OBJC_MSGSEND = YES;
				GCC_C_LANGUAGE_STANDARD = gnu99;
				GCC_NO_COMMON_BLOCKS = YES;
				GCC_WARN_64_TO_32_BIT_CONVERSION = YES;
				GCC_WARN_ABOUT_RETURN_TYPE = YES_ERROR;
				GCC_WARN_UNDECLARED_SELECTOR = YES;
				GCC_WARN_UNINITIALIZED_AUTOS = YES_AGGRESSIVE;
				GCC_WARN_UNUSED_FUNCTION = YES;
				GCC_WARN_UNUSED_VARIABLE = YES;
				IPHONEOS_DEPLOYMENT_TARGET = 9.3;
				MTL_ENABLE_DEBUG_INFO = NO;
				SDKROOT = iphoneos;
				VALIDATE_PRODUCT = YES;
			};
			name = Release;
		};
		F50C88331CE5E67E00496B65 /* Debug */ = {
			isa = XCBuildConfiguration;
			buildSettings = {
				ASSETCATALOG_COMPILER_APPICON_NAME = AppIcon;
				INFOPLIST_FILE = hasio/Info.plist;
				LD_RUNPATH_SEARCH_PATHS = "$(inherited) @executable_path/Frameworks";
				PRODUCT_BUNDLE_IDENTIFIER = com.liteck.hasio;
				PRODUCT_NAME = "$(TARGET_NAME)";
			};
			name = Debug;
		};
		F50C88341CE5E67E00496B65 /* Release */ = {
			isa = XCBuildConfiguration;
			buildSettings = {
				ASSETCATALOG_COMPILER_APPICON_NAME = AppIcon;
				INFOPLIST_FILE = hasio/Info.plist;
				LD_RUNPATH_SEARCH_PATHS = "$(inherited) @executable_path/Frameworks";
				PRODUCT_BUNDLE_IDENTIFIER = com.liteck.hasio;
				PRODUCT_NAME = "$(TARGET_NAME)";
			};
			name = Release;
		};
		F50C88361CE5E67E00496B65 /* Debug */ = {
			isa = XCBuildConfiguration;
			buildSettings = {
				BUNDLE_LOADER = "$(TEST_HOST)";
				INFOPLIST_FILE = hasioTests/Info.plist;
				LD_RUNPATH_SEARCH_PATHS = "$(inherited) @executable_path/Frameworks @loader_path/Frameworks";
				PRODUCT_BUNDLE_IDENTIFIER = com.liteck.hasioTests;
				PRODUCT_NAME = "$(TARGET_NAME)";
				TEST_HOST = "$(BUILT_PRODUCTS_DIR)/hasio.app/hasio";
			};
			name = Debug;
		};
		F50C88371CE5E67E00496B65 /* Release */ = {
			isa = XCBuildConfiguration;
			buildSettings = {
				BUNDLE_LOADER = "$(TEST_HOST)";
				INFOPLIST_FILE = hasioTests/Info.plist;
				LD_RUNPATH_SEARCH_PATHS = "$(inherited) @executable_path/Frameworks @loader_path/Frameworks";
				PRODUCT_BUNDLE_IDENTIFIER = com.liteck.hasioTests;
				PRODUCT_NAME = "$(TARGET_NAME)";
				TEST_HOST = "$(BUILT_PRODUCTS_DIR)/hasio.app/hasio";
			};
			name = Release;
		};
		F50C88391CE5E67E00496B65 /* Debug */ = {
			isa = XCBuildConfiguration;
			buildSettings = {
				INFOPLIST_FILE = hasioUITests/Info.plist;
				LD_RUNPATH_SEARCH_PATHS = "$(inherited) @executable_path/Frameworks @loader_path/Frameworks";
				PRODUCT_BUNDLE_IDENTIFIER = com.liteck.hasioUITests;
				PRODUCT_NAME = "$(TARGET_NAME)";
				TEST_TARGET_NAME = hasio;
			};
			name = Debug;
		};
		F50C883A1CE5E67E00496B65 /* Release */ = {
			isa = XCBuildConfiguration;
			buildSettings = {
				INFOPLIST_FILE = hasioUITests/Info.plist;
				LD_RUNPATH_SEARCH_PATHS = "$(inherited) @executable_path/Frameworks @loader_path/Frameworks";
				PRODUCT_BUNDLE_IDENTIFIER = com.liteck.hasioUITests;
				PRODUCT_NAME = "$(TARGET_NAME)";
				TEST_TARGET_NAME = hasio;
			};
			name = Release;
		};
/* End XCBuildConfiguration section */

/* Begin XCConfigurationList section */
		F50C88021CE5E67E00496B65 /* Build configuration list for PBXProject "hasio" */ = {
			isa = XCConfigurationList;
			buildConfigurations = (
				F50C88301CE5E67E00496B65 /* Debug */,
				F50C88311CE5E67E00496B65 /* Release */,
			);
			defaultConfigurationIsVisible = 0;
			defaultConfigurationName = Release;
		};
		F50C88321CE5E67E00496B65 /* Build configuration list for PBXNativeTarget "hasio" */ = {
			isa = XCConfigurationList;
			buildConfigurations = (
				F50C88331CE5E67E00496B65 /* Debug */,
				F50C88341CE5E67E00496B65 /* Release */,
			);
			defaultConfigurationIsVisible = 0;
		};
		F50C88351CE5E67E00496B65 /* Build configuration list for PBXNativeTarget "hasioTests" */ = {
			isa = XCConfigurationList;
			buildConfigurations = (
				F50C88361CE5E67E00496B65 /* Debug */,
				F50C88371CE5E67E00496B65 /* Release */,
			);
			defaultConfigurationIsVisible = 0;
		};
		F50C88381CE5E67E00496B65 /* Build configuration list for PBXNativeTarget "hasioUITests" */ = {
			isa = XCConfigurationList;
			buildConfigurations = (
				F50C88391CE5E67E00496B65 /* Debug */,
				F50C883A1CE5E67E00496B65 /* Release */,
			);
			defaultConfigurationIsVisible = 0;
		};
/* End XCConfigurationList section */

/* Begin XCVersionGroup section */
		F50C88111CE5E67E00496B65 /* hasio.xcdatamodeld */ = {
			isa = XCVersionGroup;
			children = (
				F50C88121CE5E67E00496B65 /* hasio.xcdatamodel */,
			);
			currentVersion = F50C88121CE5E67E00496B65 /* hasio.xcdatamodel */;
			path = hasio.xcdatamodeld;
			sourceTree = "<group>";
			versionGroupType = wrapper.xcdatamodel;
		};
/* End XCVersionGroup section */
	};
	rootObject = F50C87FF1CE5E67E00496B65 /* Project object */;
}
